
Microsoft Visual Studio Solution File, Format Version 12.00
# Visual Studio Version 16
VisualStudioVersion = 16.0.30907.101
MinimumVisualStudioVersion = 10.0.40219.1
Project("{FAE04EC0-301F-11D3-BF4B-00C04F79EFBC}") = "ClassMetotDemo", "ClassMetotDemo\ClassMetotDemo.csproj", "{3D0D3E7B-B641-4C88-8064-602FD4132832}"
EndProject
Global
	GlobalSection(SolutionConfigurationPlatforms) = preSolution
		Debug|Any CPU = Debug|Any CPU
		Release|Any CPU = Release|Any CPU
	EndGlobalSection
	GlobalSection(ProjectConfigurationPlatforms) = postSolution
		{3D0D3E7B-B641-4C88-8064-602FD4132832}.Debug|Any CPU.ActiveCfg = Debug|Any CPU
		{3D0D3E7B-B641-4C88-8064-602FD4132832}.Debug|Any CPU.Build.0 = Debug|Any CPU
		{3D0D3E7B-B641-4C88-8064-602FD4132832}.Release|Any CPU.ActiveCfg = Release|Any CPU
		{3D0D3E7B-B641-4C88-8064-602FD4132832}.Release|Any CPU.Build.0 = Release|Any CPU
	EndGlobalSection
	GlobalSection(SolutionProperties) = preSolution
		HideSolutionNode = FALSE
	EndGlobalSection
	GlobalSection(ExtensibilityGlobals) = postSolution
		SolutionGuid = {603A19B9-6391-4A64-BFA9-ED119F9B44DF}
	EndGlobalSection
EndGlobal
